
Microsoft Visual Studio Solution File, Format Version 12.00
# TcXaeShell Solution File, Format Version 11.00
VisualStudioVersion = 17.7.34302.85
MinimumVisualStudioVersion = 10.0.40219.1
Project("{B1E792BE-AA5F-4E3C-8C82-674BF9C0715B}") = "TF6771_GettingStarted", "TF6771_GettingStarted\TF6771_GettingStarted.tsproj", "{70AD4B70-880A-4BCD-8FEE-4B5BC4D23030}"
EndProject
Global
	GlobalSection(SolutionConfigurationPlatforms) = preSolution
		Debug|TwinCAT OS (ARMV7-A) = Debug|TwinCAT OS (ARMV7-A)
		Debug|TwinCAT OS (ARMV7-M) = Debug|TwinCAT OS (ARMV7-M)
		Debug|TwinCAT OS (ARMV8-A) = Debug|TwinCAT OS (ARMV8-A)
		Debug|TwinCAT OS (x64) = Debug|TwinCAT OS (x64)
		Debug|TwinCAT RT (x64) = Debug|TwinCAT RT (x64)
		Debug|TwinCAT RT (x86) = Debug|TwinCAT RT (x86)
		Release|TwinCAT OS (ARMV7-A) = Release|TwinCAT OS (ARMV7-A)
		Release|TwinCAT OS (ARMV7-M) = Release|TwinCAT OS (ARMV7-M)
		Release|TwinCAT OS (ARMV8-A) = Release|TwinCAT OS (ARMV8-A)
		Release|TwinCAT OS (x64) = Release|TwinCAT OS (x64)
		Release|TwinCAT RT (x64) = Release|TwinCAT RT (x64)
		Release|TwinCAT RT (x86) = Release|TwinCAT RT (x86)
	EndGlobalSection
	GlobalSection(ProjectConfigurationPlatforms) = postSolution
		{70AD4B70-880A-4BCD-8FEE-4B5BC4D23030}.Debug|TwinCAT OS (ARMV7-A).ActiveCfg = Debug|TwinCAT OS (ARMV7-A)
		{70AD4B70-880A-4BCD-8FEE-4B5BC4D23030}.Debug|TwinCAT OS (ARMV7-A).Build.0 = Debug|TwinCAT OS (ARMV7-A)
		{70AD4B70-880A-4BCD-8FEE-4B5BC4D23030}.Debug|TwinCAT OS (ARMV7-M).ActiveCfg = Debug|TwinCAT OS (ARMV7-M)
		{70AD4B70-880A-4BCD-8FEE-4B5BC4D23030}.Debug|TwinCAT OS (ARMV7-M).Build.0 = Debug|TwinCAT OS (ARMV7-M)
		{70AD4B70-880A-4BCD-8FEE-4B5BC4D23030}.Debug|TwinCAT OS (ARMV8-A).ActiveCfg = Debug|TwinCAT OS (ARMV8-A)
		{70AD4B70-880A-4BCD-8FEE-4B5BC4D23030}.Debug|TwinCAT OS (ARMV8-A).Build.0 = Debug|TwinCAT OS (ARMV8-A)
		{70AD4B70-880A-4BCD-8FEE-4B5BC4D23030}.Debug|TwinCAT OS (x64).ActiveCfg = Debug|TwinCAT OS (x64)
		{70AD4B70-880A-4BCD-8FEE-4B5BC4D23030}.Debug|TwinCAT OS (x64).Build.0 = Debug|TwinCAT OS (x64)
		{70AD4B70-880A-4BCD-8FEE-4B5BC4D23030}.Debug|TwinCAT RT (x64).ActiveCfg = Debug|TwinCAT RT (x64)
		{70AD4B70-880A-4BCD-8FEE-4B5BC4D23030}.Debug|TwinCAT RT (x64).Build.0 = Debug|TwinCAT RT (x64)
		{70AD4B70-880A-4BCD-8FEE-4B5BC4D23030}.Debug|TwinCAT RT (x86).ActiveCfg = Debug|TwinCAT RT (x86)
		{70AD4B70-880A-4BCD-8FEE-4B5BC4D23030}.Debug|TwinCAT RT (x86).Build.0 = Debug|TwinCAT RT (x86)
		{70AD4B70-880A-4BCD-8FEE-4B5BC4D23030}.Release|TwinCAT OS (ARMV7-A).ActiveCfg = Release|TwinCAT OS (ARMV7-A)
		{70AD4B70-880A-4BCD-8FEE-4B5BC4D23030}.Release|TwinCAT OS (ARMV7-A).Build.0 = Release|TwinCAT OS (ARMV7-A)
		{70AD4B70-880A-4BCD-8FEE-4B5BC4D23030}.Release|TwinCAT OS (ARMV7-M).ActiveCfg = Release|TwinCAT OS (ARMV7-M)
		{70AD4B70-880A-4BCD-8FEE-4B5BC4D23030}.Release|TwinCAT OS (ARMV7-M).Build.0 = Release|TwinCAT OS (ARMV7-M)
		{70AD4B70-880A-4BCD-8FEE-4B5BC4D23030}.Release|TwinCAT OS (ARMV8-A).ActiveCfg = Release|TwinCAT OS (ARMV8-A)
		{70AD4B70-880A-4BCD-8FEE-4B5BC4D23030}.Release|TwinCAT OS (ARMV8-A).Build.0 = Release|TwinCAT OS (ARMV8-A)
		{70AD4B70-880A-4BCD-8FEE-4B5BC4D23030}.Release|TwinCAT OS (x64).ActiveCfg = Release|TwinCAT OS (x64)
		{70AD4B70-880A-4BCD-8FEE-4B5BC4D23030}.Release|TwinCAT OS (x64).Build.0 = Release|TwinCAT OS (x64)
		{70AD4B70-880A-4BCD-8FEE-4B5BC4D23030}.Release|TwinCAT RT (x64).ActiveCfg = Release|TwinCAT RT (x64)
		{70AD4B70-880A-4BCD-8FEE-4B5BC4D23030}.Release|TwinCAT RT (x64).Build.0 = Release|TwinCAT RT (x64)
		{70AD4B70-880A-4BCD-8FEE-4B5BC4D23030}.Release|TwinCAT RT (x86).ActiveCfg = Release|TwinCAT RT (x86)
		{70AD4B70-880A-4BCD-8FEE-4B5BC4D23030}.Release|TwinCAT RT (x86).Build.0 = Release|TwinCAT RT (x86)
		{9D4385AD-E841-4788-91B5-6E5131E0ECE5}.Debug|TwinCAT OS (ARMV7-A).ActiveCfg = Debug|TwinCAT OS (ARMV7-A)
		{9D4385AD-E841-4788-91B5-6E5131E0ECE5}.Debug|TwinCAT OS (ARMV7-A).Build.0 = Debug|TwinCAT OS (ARMV7-A)
		{9D4385AD-E841-4788-91B5-6E5131E0ECE5}.Debug|TwinCAT OS (ARMV7-M).ActiveCfg = Debug|TwinCAT OS (ARMV7-M)
		{9D4385AD-E841-4788-91B5-6E5131E0ECE5}.Debug|TwinCAT OS (ARMV7-M).Build.0 = Debug|TwinCAT OS (ARMV7-M)
		{9D4385AD-E841-4788-91B5-6E5131E0ECE5}.Debug|TwinCAT OS (ARMV8-A).ActiveCfg = Debug|TwinCAT OS (ARMV8-A)
		{9D4385AD-E841-4788-91B5-6E5131E0ECE5}.Debug|TwinCAT OS (ARMV8-A).Build.0 = Debug|TwinCAT OS (ARMV8-A)
		{9D4385AD-E841-4788-91B5-6E5131E0ECE5}.Debug|TwinCAT OS (x64).ActiveCfg = Debug|TwinCAT OS (x64)
		{9D4385AD-E841-4788-91B5-6E5131E0ECE5}.Debug|TwinCAT OS (x64).Build.0 = Debug|TwinCAT OS (x64)
		{9D4385AD-E841-4788-91B5-6E5131E0ECE5}.Debug|TwinCAT RT (x64).ActiveCfg = Debug|TwinCAT RT (x64)
		{9D4385AD-E841-4788-91B5-6E5131E0ECE5}.Debug|TwinCAT RT (x64).Build.0 = Debug|TwinCAT RT (x64)
		{9D4385AD-E841-4788-91B5-6E5131E0ECE5}.Debug|TwinCAT RT (x86).ActiveCfg = Debug|TwinCAT RT (x86)
		{9D4385AD-E841-4788-91B5-6E5131E0ECE5}.Debug|TwinCAT RT (x86).Build.0 = Debug|TwinCAT RT (x86)
		{9D4385AD-E841-4788-91B5-6E5131E0ECE5}.Release|TwinCAT OS (ARMV7-A).ActiveCfg = Release|TwinCAT OS (ARMV7-A)
		{9D4385AD-E841-4788-91B5-6E5131E0ECE5}.Release|TwinCAT OS (ARMV7-A).Build.0 = Release|TwinCAT OS (ARMV7-A)
		{9D4385AD-E841-4788-91B5-6E5131E0ECE5}.Release|TwinCAT OS (ARMV7-M).ActiveCfg = Release|TwinCAT OS (ARMV7-M)
		{9D4385AD-E841-4788-91B5-6E5131E0ECE5}.Release|TwinCAT OS (ARMV7-M).Build.0 = Release|TwinCAT OS (ARMV7-M)
		{9D4385AD-E841-4788-91B5-6E5131E0ECE5}.Release|TwinCAT OS (ARMV8-A).ActiveCfg = Release|TwinCAT OS (ARMV8-A)
		{9D4385AD-E841-4788-91B5-6E5131E0ECE5}.Release|TwinCAT OS (ARMV8-A).Build.0 = Release|TwinCAT OS (ARMV8-A)
		{9D4385AD-E841-4788-91B5-6E5131E0ECE5}.Release|TwinCAT OS (x64).ActiveCfg = Release|TwinCAT OS (x64)
		{9D4385AD-E841-4788-91B5-6E5131E0ECE5}.Release|TwinCAT OS (x64).Build.0 = Release|TwinCAT OS (x64)
		{9D4385AD-E841-4788-91B5-6E5131E0ECE5}.Release|TwinCAT RT (x64).ActiveCfg = Release|TwinCAT RT (x64)
		{9D4385AD-E841-4788-91B5-6E5131E0ECE5}.Release|TwinCAT RT (x64).Build.0 = Release|TwinCAT RT (x64)
		{9D4385AD-E841-4788-91B5-6E5131E0ECE5}.Release|TwinCAT RT (x86).ActiveCfg = Release|TwinCAT RT (x86)
		{9D4385AD-E841-4788-91B5-6E5131E0ECE5}.Release|TwinCAT RT (x86).Build.0 = Release|TwinCAT RT (x86)
		{E68212A0-E437-4A85-9903-C009354E2DB5}.Debug|TwinCAT OS (ARMV7-A).ActiveCfg = Debug|TwinCAT OS (ARMV7-A)
		{E68212A0-E437-4A85-9903-C009354E2DB5}.Debug|TwinCAT OS (ARMV7-A).Build.0 = Debug|TwinCAT OS (ARMV7-A)
		{E68212A0-E437-4A85-9903-C009354E2DB5}.Debug|TwinCAT OS (ARMV7-M).ActiveCfg = Debug|TwinCAT OS (ARMV7-M)
		{E68212A0-E437-4A85-9903-C009354E2DB5}.Debug|TwinCAT OS (ARMV7-M).Build.0 = Debug|TwinCAT OS (ARMV7-M)
		{E68212A0-E437-4A85-9903-C009354E2DB5}.Debug|TwinCAT OS (ARMV8-A).ActiveCfg = Debug|TwinCAT OS (ARMV8-A)
		{E68212A0-E437-4A85-9903-C009354E2DB5}.Debug|TwinCAT OS (ARMV8-A).Build.0 = Debug|TwinCAT OS (ARMV8-A)
		{E68212A0-E437-4A85-9903-C009354E2DB5}.Debug|TwinCAT OS (x64).ActiveCfg = Debug|TwinCAT OS (x64)
		{E68212A0-E437-4A85-9903-C009354E2DB5}.Debug|TwinCAT OS (x64).Build.0 = Debug|TwinCAT OS (x64)
		{E68212A0-E437-4A85-9903-C009354E2DB5}.Debug|TwinCAT RT (x64).ActiveCfg = Debug|TwinCAT RT (x64)
		{E68212A0-E437-4A85-9903-C009354E2DB5}.Debug|TwinCAT RT (x64).Build.0 = Debug|TwinCAT RT (x64)
		{E68212A0-E437-4A85-9903-C009354E2DB5}.Debug|TwinCAT RT (x86).ActiveCfg = Debug|TwinCAT RT (x86)
		{E68212A0-E437-4A85-9903-C009354E2DB5}.Debug|TwinCAT RT (x86).Build.0 = Debug|TwinCAT RT (x86)
		{E68212A0-E437-4A85-9903-C009354E2DB5}.Release|TwinCAT OS (ARMV7-A).ActiveCfg = Release|TwinCAT OS (ARMV7-A)
		{E68212A0-E437-4A85-9903-C009354E2DB5}.Release|TwinCAT OS (ARMV7-A).Build.0 = Release|TwinCAT OS (ARMV7-A)
		{E68212A0-E437-4A85-9903-C009354E2DB5}.Release|TwinCAT OS (ARMV7-M).ActiveCfg = Release|TwinCAT OS (ARMV7-M)
		{E68212A0-E437-4A85-9903-C009354E2DB5}.Release|TwinCAT OS (ARMV7-M).Build.0 = Release|TwinCAT OS (ARMV7-M)
		{E68212A0-E437-4A85-9903-C009354E2DB5}.Release|TwinCAT OS (ARMV8-A).ActiveCfg = Release|TwinCAT OS (ARMV8-A)
		{E68212A0-E437-4A85-9903-C009354E2DB5}.Release|TwinCAT OS (ARMV8-A).Build.0 = Release|TwinCAT OS (ARMV8-A)
		{E68212A0-E437-4A85-9903-C009354E2DB5}.Release|TwinCAT OS (x64).ActiveCfg = Release|TwinCAT OS (x64)
		{E68212A0-E437-4A85-9903-C009354E2DB5}.Release|TwinCAT OS (x64).Build.0 = Release|TwinCAT OS (x64)
		{E68212A0-E437-4A85-9903-C009354E2DB5}.Release|TwinCAT RT (x64).ActiveCfg = Release|TwinCAT RT (x64)
		{E68212A0-E437-4A85-9903-C009354E2DB5}.Release|TwinCAT RT (x64).Build.0 = Release|TwinCAT RT (x64)
		{E68212A0-E437-4A85-9903-C009354E2DB5}.Release|TwinCAT RT (x86).ActiveCfg = Release|TwinCAT RT (x86)
		{E68212A0-E437-4A85-9903-C009354E2DB5}.Release|TwinCAT RT (x86).Build.0 = Release|TwinCAT RT (x86)
	EndGlobalSection
	GlobalSection(SolutionProperties) = preSolution
		HideSolutionNode = FALSE
	EndGlobalSection
	GlobalSection(ExtensibilityGlobals) = postSolution
		SolutionGuid = {EAA90820-5B5C-4CC7-BF98-2AAA1C471273}
	EndGlobalSection
EndGlobal
